// !$*UTF8*$!
{
	archiveVersion = 1;
	classes = {
	};
	objectVersion = 46;
	objects = {

/* Begin PBXBuildFile section */
		AEB12AA617C90F1C00C0B74F /* UIKit.framework in Frameworks */ = {isa = PBXBuildFile; fileRef = AEB12AA517C90F1C00C0B74F /* UIKit.framework */; };
		AEB12AA817C90F1C00C0B74F /* Foundation.framework in Frameworks */ = {isa = PBXBuildFile; fileRef = AEB12AA717C90F1C00C0B74F /* Foundation.framework */; };
		AEB12AAA17C90F1C00C0B74F /* CoreGraphics.framework in Frameworks */ = {isa = PBXBuildFile; fileRef = AEB12AA917C90F1C00C0B74F /* CoreGraphics.framework */; };
		AEB12AB017C90F1C00C0B74F /* InfoPlist.strings in Resources */ = {isa = PBXBuildFile; fileRef = AEB12AAE17C90F1C00C0B74F /* InfoPlist.strings */; };
		AEB12AB217C90F1C00C0B74F /* main.m in Sources */ = {isa = PBXBuildFile; fileRef = AEB12AB117C90F1C00C0B74F /* main.m */; };
		AEB12AB617C90F1C00C0B74F /* AppDelegate.m in Sources */ = {isa = PBXBuildFile; fileRef = AEB12AB517C90F1C00C0B74F /* AppDelegate.m */; };
		AEB12AB817C90F1C00C0B74F /* Default.png in Resources */ = {isa = PBXBuildFile; fileRef = AEB12AB717C90F1C00C0B74F /* Default.png */; };
		AEB12ABA17C90F1C00C0B74F /* Default@2x.png in Resources */ = {isa = PBXBuildFile; fileRef = AEB12AB917C90F1C00C0B74F /* Default@2x.png */; };
		AEB12ABC17C90F1C00C0B74F /* Default-568h@2x.png in Resources */ = {isa = PBXBuildFile; fileRef = AEB12ABB17C90F1C00C0B74F /* Default-568h@2x.png */; };
		AEB12ABF17C90F1C00C0B74F /* MainStoryboard.storyboard in Resources */ = {isa = PBXBuildFile; fileRef = AEB12ABD17C90F1C00C0B74F /* MainStoryboard.storyboard */; };
		AEB12AC217C90F1C00C0B74F /* ViewController.m in Sources */ = {isa = PBXBuildFile; fileRef = AEB12AC117C90F1C00C0B74F /* ViewController.m */; };
		AEB12AE117C90F4800C0B74F /* AVFoundation.framework in Frameworks */ = {isa = PBXBuildFile; fileRef = AEB12AE017C90F4800C0B74F /* AVFoundation.framework */; };
		AEB12AE417C9F03B00C0B74F /* UIImage+scaleToSize.m in Sources */ = {isa = PBXBuildFile; fileRef = AEB12AE317C9F03B00C0B74F /* UIImage+scaleToSize.m */; };
		AEB9884817D1F220007DBFD0 /* Sonickle.m in Sources */ = {isa = PBXBuildFile; fileRef = AEB9884717D1F220007DBFD0 /* Sonickle.m */; };
		AEB9884B17D22ABC007DBFD0 /* SonicklePlayerViewController.m in Sources */ = {isa = PBXBuildFile; fileRef = AEB9884A17D22ABC007DBFD0 /* SonicklePlayerViewController.m */; };
		AEB9884E17D22ECC007DBFD0 /* SonickleGalleryViewController.m in Sources */ = {isa = PBXBuildFile; fileRef = AEB9884D17D22ECC007DBFD0 /* SonickleGalleryViewController.m */; };
		AEB9885117D3300D007DBFD0 /* SonickleProxy.m in Sources */ = {isa = PBXBuildFile; fileRef = AEB9885017D3300D007DBFD0 /* SonickleProxy.m */; };
		AEB9885317D39642007DBFD0 /* AudioToolbox.framework in Frameworks */ = {isa = PBXBuildFile; fileRef = AEB9885217D39642007DBFD0 /* AudioToolbox.framework */; };
		AEB9886317D39C21007DBFD0 /* CoreAudio.framework in Frameworks */ = {isa = PBXBuildFile; fileRef = AEB9886217D39C21007DBFD0 /* CoreAudio.framework */; };
		AEB9886517D39C3C007DBFD0 /* CoreFoundation.framework in Frameworks */ = {isa = PBXBuildFile; fileRef = AEB9886417D39C3C007DBFD0 /* CoreFoundation.framework */; };
		AEDBFE5517D4F5380063DF18 /* libmp3lame.a in Frameworks */ = {isa = PBXBuildFile; fileRef = AEDBFE4A17D4F5380063DF18 /* libmp3lame.a */; };
		AEDBFE5617D4F5380063DF18 /* AudioConverter.a in Frameworks */ = {isa = PBXBuildFile; fileRef = AEDBFE4C17D4F5380063DF18 /* AudioConverter.a */; };
		AEDBFE5717D4F5380063DF18 /* AudioConverter.m in Sources */ = {isa = PBXBuildFile; fileRef = AEDBFE4E17D4F5380063DF18 /* AudioConverter.m */; settings = {COMPILER_FLAGS = "-fno-objc-arc "; }; };
		AEDBFE5817D4F5380063DF18 /* AudioConverterKitforiOS.pdf in Resources */ = {isa = PBXBuildFile; fileRef = AEDBFE5017D4F5380063DF18 /* AudioConverterKitforiOS.pdf */; };
		AEDBFE5917D4F5380063DF18 /* MP3Converter.a in Frameworks */ = {isa = PBXBuildFile; fileRef = AEDBFE5217D4F5380063DF18 /* MP3Converter.a */; };
		AEDBFE5A17D4F5380063DF18 /* MP3Converter.m in Sources */ = {isa = PBXBuildFile; fileRef = AEDBFE5417D4F5380063DF18 /* MP3Converter.m */; settings = {COMPILER_FLAGS = "-fno-objc-arc "; }; };
		AEDBFE5C17D4F5FA0063DF18 /* CoreMedia.framework in Frameworks */ = {isa = PBXBuildFile; fileRef = AEDBFE5B17D4F5FA0063DF18 /* CoreMedia.framework */; };
/* End PBXBuildFile section */

/* Begin PBXFileReference section */
		AEB12AA217C90F1C00C0B74F /* AvCamTest.app */ = {isa = PBXFileReference; explicitFileType = wrapper.application; includeInIndex = 0; path = AvCamTest.app; sourceTree = BUILT_PRODUCTS_DIR; };
		AEB12AA517C90F1C00C0B74F /* UIKit.framework */ = {isa = PBXFileReference; lastKnownFileType = wrapper.framework; name = UIKit.framework; path = System/Library/Frameworks/UIKit.framework; sourceTree = SDKROOT; };
		AEB12AA717C90F1C00C0B74F /* Foundation.framework */ = {isa = PBXFileReference; lastKnownFileType = wrapper.framework; name = Foundation.framework; path = System/Library/Frameworks/Foundation.framework; sourceTree = SDKROOT; };
		AEB12AA917C90F1C00C0B74F /* CoreGraphics.framework */ = {isa = PBXFileReference; lastKnownFileType = wrapper.framework; name = CoreGraphics.framework; path = System/Library/Frameworks/CoreGraphics.framework; sourceTree = SDKROOT; };
		AEB12AAD17C90F1C00C0B74F /* AvCamTest-Info.plist */ = {isa = PBXFileReference; lastKnownFileType = text.plist.xml; path = "AvCamTest-Info.plist"; sourceTree = "<group>"; };
		AEB12AAF17C90F1C00C0B74F /* en */ = {isa = PBXFileReference; lastKnownFileType = text.plist.strings; name = en; path = en.lproj/InfoPlist.strings; sourceTree = "<group>"; };
		AEB12AB117C90F1C00C0B74F /* main.m */ = {isa = PBXFileReference; lastKnownFileType = sourcecode.c.objc; path = main.m; sourceTree = "<group>"; };
		AEB12AB317C90F1C00C0B74F /* AvCamTest-Prefix.pch */ = {isa = PBXFileReference; lastKnownFileType = sourcecode.c.h; path = "AvCamTest-Prefix.pch"; sourceTree = "<group>"; };
		AEB12AB417C90F1C00C0B74F /* AppDelegate.h */ = {isa = PBXFileReference; lastKnownFileType = sourcecode.c.h; path = AppDelegate.h; sourceTree = "<group>"; };
		AEB12AB517C90F1C00C0B74F /* AppDelegate.m */ = {isa = PBXFileReference; lastKnownFileType = sourcecode.c.objc; path = AppDelegate.m; sourceTree = "<group>"; };
		AEB12AB717C90F1C00C0B74F /* Default.png */ = {isa = PBXFileReference; lastKnownFileType = image.png; path = Default.png; sourceTree = "<group>"; };
		AEB12AB917C90F1C00C0B74F /* Default@2x.png */ = {isa = PBXFileReference; lastKnownFileType = image.png; path = "Default@2x.png"; sourceTree = "<group>"; };
		AEB12ABB17C90F1C00C0B74F /* Default-568h@2x.png */ = {isa = PBXFileReference; lastKnownFileType = image.png; path = "Default-568h@2x.png"; sourceTree = "<group>"; };
		AEB12ABE17C90F1C00C0B74F /* en */ = {isa = PBXFileReference; lastKnownFileType = file.storyboard; name = en; path = en.lproj/MainStoryboard.storyboard; sourceTree = "<group>"; };
		AEB12AC017C90F1C00C0B74F /* ViewController.h */ = {isa = PBXFileReference; lastKnownFileType = sourcecode.c.h; path = ViewController.h; sourceTree = "<group>"; };
		AEB12AC117C90F1C00C0B74F /* ViewController.m */ = {isa = PBXFileReference; lastKnownFileType = sourcecode.c.objc; path = ViewController.m; sourceTree = "<group>"; };
		AEB12AC917C90F1C00C0B74F /* SenTestingKit.framework */ = {isa = PBXFileReference; lastKnownFileType = wrapper.framework; name = SenTestingKit.framework; path = Library/Frameworks/SenTestingKit.framework; sourceTree = DEVELOPER_DIR; };
		AEB12AE017C90F4800C0B74F /* AVFoundation.framework */ = {isa = PBXFileReference; lastKnownFileType = wrapper.framework; name = AVFoundation.framework; path = System/Library/Frameworks/AVFoundation.framework; sourceTree = SDKROOT; };
		AEB12AE217C9F03B00C0B74F /* UIImage+scaleToSize.h */ = {isa = PBXFileReference; fileEncoding = 4; lastKnownFileType = sourcecode.c.h; path = "UIImage+scaleToSize.h"; sourceTree = "<group>"; };
		AEB12AE317C9F03B00C0B74F /* UIImage+scaleToSize.m */ = {isa = PBXFileReference; fileEncoding = 4; lastKnownFileType = sourcecode.c.objc; path = "UIImage+scaleToSize.m"; sourceTree = "<group>"; };
		AEB9884617D1F220007DBFD0 /* Sonickle.h */ = {isa = PBXFileReference; fileEncoding = 4; lastKnownFileType = sourcecode.c.h; path = Sonickle.h; sourceTree = "<group>"; };
		AEB9884717D1F220007DBFD0 /* Sonickle.m */ = {isa = PBXFileReference; fileEncoding = 4; lastKnownFileType = sourcecode.c.objc; path = Sonickle.m; sourceTree = "<group>"; };
		AEB9884917D22ABC007DBFD0 /* SonicklePlayerViewController.h */ = {isa = PBXFileReference; fileEncoding = 4; lastKnownFileType = sourcecode.c.h; path = SonicklePlayerViewController.h; sourceTree = "<group>"; };
		AEB9884A17D22ABC007DBFD0 /* SonicklePlayerViewController.m */ = {isa = PBXFileReference; fileEncoding = 4; lastKnownFileType = sourcecode.c.objc; path = SonicklePlayerViewController.m; sourceTree = "<group>"; };
		AEB9884C17D22ECC007DBFD0 /* SonickleGalleryViewController.h */ = {isa = PBXFileReference; fileEncoding = 4; lastKnownFileType = sourcecode.c.h; path = SonickleGalleryViewController.h; sourceTree = "<group>"; };
		AEB9884D17D22ECC007DBFD0 /* SonickleGalleryViewController.m */ = {isa = PBXFileReference; fileEncoding = 4; lastKnownFileType = sourcecode.c.objc; path = SonickleGalleryViewController.m; sourceTree = "<group>"; };
		AEB9884F17D3300D007DBFD0 /* SonickleProxy.h */ = {isa = PBXFileReference; fileEncoding = 4; lastKnownFileType = sourcecode.c.h; path = SonickleProxy.h; sourceTree = "<group>"; };
		AEB9885017D3300D007DBFD0 /* SonickleProxy.m */ = {isa = PBXFileReference; fileEncoding = 4; lastKnownFileType = sourcecode.c.objc; path = SonickleProxy.m; sourceTree = "<group>"; };
		AEB9885217D39642007DBFD0 /* AudioToolbox.framework */ = {isa = PBXFileReference; lastKnownFileType = wrapper.framework; name = AudioToolbox.framework; path = System/Library/Frameworks/AudioToolbox.framework; sourceTree = SDKROOT; };
		AEB9886217D39C21007DBFD0 /* CoreAudio.framework */ = {isa = PBXFileReference; lastKnownFileType = wrapper.framework; name = CoreAudio.framework; path = System/Library/Frameworks/CoreAudio.framework; sourceTree = SDKROOT; };
		AEB9886417D39C3C007DBFD0 /* CoreFoundation.framework */ = {isa = PBXFileReference; lastKnownFileType = wrapper.framework; name = CoreFoundation.framework; path = System/Library/Frameworks/CoreFoundation.framework; sourceTree = SDKROOT; };
		AEDBFE4817D4F5380063DF18 /* lame.h */ = {isa = PBXFileReference; fileEncoding = 4; lastKnownFileType = sourcecode.c.h; path = lame.h; sourceTree = "<group>"; };
		AEDBFE4A17D4F5380063DF18 /* libmp3lame.a */ = {isa = PBXFileReference; lastKnownFileType = archive.ar; path = libmp3lame.a; sourceTree = "<group>"; };
		AEDBFE4B17D4F5380063DF18 /* AudioConverter-Prefix.pch */ = {isa = PBXFileReference; fileEncoding = 4; lastKnownFileType = sourcecode.c.h; path = "AudioConverter-Prefix.pch"; sourceTree = "<group>"; };
		AEDBFE4C17D4F5380063DF18 /* AudioConverter.a */ = {isa = PBXFileReference; lastKnownFileType = archive.ar; path = AudioConverter.a; sourceTree = "<group>"; };
		AEDBFE4D17D4F5380063DF18 /* AudioConverter.h */ = {isa = PBXFileReference; fileEncoding = 4; lastKnownFileType = sourcecode.c.h; path = AudioConverter.h; sourceTree = "<group>"; };
		AEDBFE4E17D4F5380063DF18 /* AudioConverter.m */ = {isa = PBXFileReference; fileEncoding = 4; lastKnownFileType = sourcecode.c.objc; path = AudioConverter.m; sourceTree = "<group>"; };
		AEDBFE5017D4F5380063DF18 /* AudioConverterKitforiOS.pdf */ = {isa = PBXFileReference; lastKnownFileType = image.pdf; path = AudioConverterKitforiOS.pdf; sourceTree = "<group>"; };
		AEDBFE5117D4F5380063DF18 /* MP3Converter-Prefix.pch */ = {isa = PBXFileReference; fileEncoding = 4; lastKnownFileType = sourcecode.c.h; path = "MP3Converter-Prefix.pch"; sourceTree = "<group>"; };
		AEDBFE5217D4F5380063DF18 /* MP3Converter.a */ = {isa = PBXFileReference; lastKnownFileType = archive.ar; path = MP3Converter.a; sourceTree = "<group>"; };
		AEDBFE5317D4F5380063DF18 /* MP3Converter.h */ = {isa = PBXFileReference; fileEncoding = 4; lastKnownFileType = sourcecode.c.h; path = MP3Converter.h; sourceTree = "<group>"; };
		AEDBFE5417D4F5380063DF18 /* MP3Converter.m */ = {isa = PBXFileReference; fileEncoding = 4; lastKnownFileType = sourcecode.c.objc; path = MP3Converter.m; sourceTree = "<group>"; };
		AEDBFE5B17D4F5FA0063DF18 /* CoreMedia.framework */ = {isa = PBXFileReference; lastKnownFileType = wrapper.framework; name = CoreMedia.framework; path = System/Library/Frameworks/CoreMedia.framework; sourceTree = SDKROOT; };
/* End PBXFileReference section */

/* Begin PBXFrameworksBuildPhase section */
		AEB12A9F17C90F1C00C0B74F /* Frameworks */ = {
			isa = PBXFrameworksBuildPhase;
			buildActionMask = 2147483647;
			files = (
				AEDBFE5C17D4F5FA0063DF18 /* CoreMedia.framework in Frameworks */,
				AEB9886517D39C3C007DBFD0 /* CoreFoundation.framework in Frameworks */,
				AEB9886317D39C21007DBFD0 /* CoreAudio.framework in Frameworks */,
				AEB9885317D39642007DBFD0 /* AudioToolbox.framework in Frameworks */,
				AEB12AA817C90F1C00C0B74F /* Foundation.framework in Frameworks */,
				AEB12AE117C90F4800C0B74F /* AVFoundation.framework in Frameworks */,
				AEB12AA617C90F1C00C0B74F /* UIKit.framework in Frameworks */,
				AEB12AAA17C90F1C00C0B74F /* CoreGraphics.framework in Frameworks */,
				AEDBFE5517D4F5380063DF18 /* libmp3lame.a in Frameworks */,
				AEDBFE5617D4F5380063DF18 /* AudioConverter.a in Frameworks */,
				AEDBFE5917D4F5380063DF18 /* MP3Converter.a in Frameworks */,
			);
			runOnlyForDeploymentPostprocessing = 0;
		};
/* End PBXFrameworksBuildPhase section */

/* Begin PBXGroup section */
		AEB12A9917C90F1C00C0B74F = {
			isa = PBXGroup;
			children = (
				AEB12AAB17C90F1C00C0B74F /* AvCamTest */,
				AEB12AA417C90F1C00C0B74F /* Frameworks */,
				AEB12AA317C90F1C00C0B74F /* Products */,
			);
			sourceTree = "<group>";
		};
		AEB12AA317C90F1C00C0B74F /* Products */ = {
			isa = PBXGroup;
			children = (
				AEB12AA217C90F1C00C0B74F /* AvCamTest.app */,
			);
			name = Products;
			sourceTree = "<group>";
		};
		AEB12AA417C90F1C00C0B74F /* Frameworks */ = {
			isa = PBXGroup;
			children = (
				AEDBFE5B17D4F5FA0063DF18 /* CoreMedia.framework */,
				AEB9886417D39C3C007DBFD0 /* CoreFoundation.framework */,
				AEB9886217D39C21007DBFD0 /* CoreAudio.framework */,
				AEB9885217D39642007DBFD0 /* AudioToolbox.framework */,
				AEB12AE017C90F4800C0B74F /* AVFoundation.framework */,
				AEB12AA517C90F1C00C0B74F /* UIKit.framework */,
				AEB12AA717C90F1C00C0B74F /* Foundation.framework */,
				AEB12AA917C90F1C00C0B74F /* CoreGraphics.framework */,
				AEB12AC917C90F1C00C0B74F /* SenTestingKit.framework */,
			);
			name = Frameworks;
			sourceTree = "<group>";
		};
		AEB12AAB17C90F1C00C0B74F /* AvCamTest */ = {
			isa = PBXGroup;
			children = (
				AEDBFE4517D4F5380063DF18 /* AudioConverterKit */,
				AEB9884917D22ABC007DBFD0 /* SonicklePlayerViewController.h */,
				AEB9884A17D22ABC007DBFD0 /* SonicklePlayerViewController.m */,
				AEB12AB417C90F1C00C0B74F /* AppDelegate.h */,
				AEB12AB517C90F1C00C0B74F /* AppDelegate.m */,
				AEB12ABD17C90F1C00C0B74F /* MainStoryboard.storyboard */,
				AEB12AC017C90F1C00C0B74F /* ViewController.h */,
				AEB12AC117C90F1C00C0B74F /* ViewController.m */,
				AEB12AAC17C90F1C00C0B74F /* Supporting Files */,
				AEB12AE217C9F03B00C0B74F /* UIImage+scaleToSize.h */,
				AEB12AE317C9F03B00C0B74F /* UIImage+scaleToSize.m */,
				AEB9884617D1F220007DBFD0 /* Sonickle.h */,
				AEB9884717D1F220007DBFD0 /* Sonickle.m */,
				AEB9884F17D3300D007DBFD0 /* SonickleProxy.h */,
				AEB9885017D3300D007DBFD0 /* SonickleProxy.m */,
				AEB9884C17D22ECC007DBFD0 /* SonickleGalleryViewController.h */,
				AEB9884D17D22ECC007DBFD0 /* SonickleGalleryViewController.m */,
			);
			path = AvCamTest;
			sourceTree = "<group>";
		};
		AEB12AAC17C90F1C00C0B74F /* Supporting Files */ = {
			isa = PBXGroup;
			children = (
				AEB12AAD17C90F1C00C0B74F /* AvCamTest-Info.plist */,
				AEB12AAE17C90F1C00C0B74F /* InfoPlist.strings */,
				AEB12AB117C90F1C00C0B74F /* main.m */,
				AEB12AB317C90F1C00C0B74F /* AvCamTest-Prefix.pch */,
				AEB12AB717C90F1C00C0B74F /* Default.png */,
				AEB12AB917C90F1C00C0B74F /* Default@2x.png */,
				AEB12ABB17C90F1C00C0B74F /* Default-568h@2x.png */,
			);
			name = "Supporting Files";
			sourceTree = "<group>";
		};
		AEDBFE4517D4F5380063DF18 /* AudioConverterKit */ = {
			isa = PBXGroup;
			children = (
				AEDBFE4617D4F5380063DF18 /* 3rd-party */,
				AEDBFE4B17D4F5380063DF18 /* AudioConverter-Prefix.pch */,
				AEDBFE4C17D4F5380063DF18 /* AudioConverter.a */,
				AEDBFE4D17D4F5380063DF18 /* AudioConverter.h */,
				AEDBFE4E17D4F5380063DF18 /* AudioConverter.m */,
				AEDBFE4F17D4F5380063DF18 /* Documentation */,
				AEDBFE5117D4F5380063DF18 /* MP3Converter-Prefix.pch */,
				AEDBFE5217D4F5380063DF18 /* MP3Converter.a */,
				AEDBFE5317D4F5380063DF18 /* MP3Converter.h */,
				AEDBFE5417D4F5380063DF18 /* MP3Converter.m */,
			);
			path = AudioConverterKit;
			sourceTree = "<group>";
		};
		AEDBFE4617D4F5380063DF18 /* 3rd-party */ = {
			isa = PBXGroup;
			children = (
				AEDBFE4717D4F5380063DF18 /* inc */,
				AEDBFE4917D4F5380063DF18 /* lib */,
			);
			path = "3rd-party";
			sourceTree = "<group>";
		};
		AEDBFE4717D4F5380063DF18 /* inc */ = {
			isa = PBXGroup;
			children = (
				AEDBFE4817D4F5380063DF18 /* lame.h */,
			);
			path = inc;
			sourceTree = "<group>";
		};
		AEDBFE4917D4F5380063DF18 /* lib */ = {
			isa = PBXGroup;
			children = (
				AEDBFE4A17D4F5380063DF18 /* libmp3lame.a */,
			);
			path = lib;
			sourceTree = "<group>";
		};
		AEDBFE4F17D4F5380063DF18 /* Documentation */ = {
			isa = PBXGroup;
			children = (
				AEDBFE5017D4F5380063DF18 /* AudioConverterKitforiOS.pdf */,
			);
			path = Documentation;
			sourceTree = "<group>";
		};
/* End PBXGroup section */

/* Begin PBXNativeTarget section */
		AEB12AA117C90F1C00C0B74F /* AvCamTest */ = {
			isa = PBXNativeTarget;
			buildConfigurationList = AEB12ADA17C90F1C00C0B74F /* Build configuration list for PBXNativeTarget "AvCamTest" */;
			buildPhases = (
				AEB12A9E17C90F1C00C0B74F /* Sources */,
				AEB12A9F17C90F1C00C0B74F /* Frameworks */,
				AEB12AA017C90F1C00C0B74F /* Resources */,
			);
			buildRules = (
			);
			dependencies = (
			);
			name = AvCamTest;
			productName = AvCamTest;
			productReference = AEB12AA217C90F1C00C0B74F /* AvCamTest.app */;
			productType = "com.apple.product-type.application";
		};
/* End PBXNativeTarget section */

/* Begin PBXProject section */
		AEB12A9A17C90F1C00C0B74F /* Project object */ = {
			isa = PBXProject;
			attributes = {
				LastUpgradeCheck = 0460;
				ORGANIZATIONNAME = "Yunus Eren Guzel";
			};
			buildConfigurationList = AEB12A9D17C90F1C00C0B74F /* Build configuration list for PBXProject "AvCamTest" */;
			compatibilityVersion = "Xcode 3.2";
			developmentRegion = English;
			hasScannedForEncodings = 0;
			knownRegions = (
				en,
			);
			mainGroup = AEB12A9917C90F1C00C0B74F;
			productRefGroup = AEB12AA317C90F1C00C0B74F /* Products */;
			projectDirPath = "";
			projectRoot = "";
			targets = (
				AEB12AA117C90F1C00C0B74F /* AvCamTest */,
			);
		};
/* End PBXProject section */

/* Begin PBXResourcesBuildPhase section */
		AEB12AA017C90F1C00C0B74F /* Resources */ = {
			isa = PBXResourcesBuildPhase;
			buildActionMask = 2147483647;
			files = (
				AEB12AB017C90F1C00C0B74F /* InfoPlist.strings in Resources */,
				AEB12AB817C90F1C00C0B74F /* Default.png in Resources */,
				AEB12ABA17C90F1C00C0B74F /* Default@2x.png in Resources */,
				AEB12ABC17C90F1C00C0B74F /* Default-568h@2x.png in Resources */,
				AEB12ABF17C90F1C00C0B74F /* MainStoryboard.storyboard in Resources */,
				AEDBFE5817D4F5380063DF18 /* AudioConverterKitforiOS.pdf in Resources */,
			);
			runOnlyForDeploymentPostprocessing = 0;
		};
/* End PBXResourcesBuildPhase section */

/* Begin PBXSourcesBuildPhase section */
		AEB12A9E17C90F1C00C0B74F /* Sources */ = {
			isa = PBXSourcesBuildPhase;
			buildActionMask = 2147483647;
			files = (
				AEB12AB217C90F1C00C0B74F /* main.m in Sources */,
				AEB12AB617C90F1C00C0B74F /* AppDelegate.m in Sources */,
				AEB12AC217C90F1C00C0B74F /* ViewController.m in Sources */,
				AEB12AE417C9F03B00C0B74F /* UIImage+scaleToSize.m in Sources */,
				AEB9884817D1F220007DBFD0 /* Sonickle.m in Sources */,
				AEB9884B17D22ABC007DBFD0 /* SonicklePlayerViewController.m in Sources */,
				AEB9884E17D22ECC007DBFD0 /* SonickleGalleryViewController.m in Sources */,
				AEB9885117D3300D007DBFD0 /* SonickleProxy.m in Sources */,
				AEDBFE5717D4F5380063DF18 /* AudioConverter.m in Sources */,
				AEDBFE5A17D4F5380063DF18 /* MP3Converter.m in Sources */,
			);
			runOnlyForDeploymentPostprocessing = 0;
		};
/* End PBXSourcesBuildPhase section */

/* Begin PBXVariantGroup section */
		AEB12AAE17C90F1C00C0B74F /* InfoPlist.strings */ = {
			isa = PBXVariantGroup;
			children = (
				AEB12AAF17C90F1C00C0B74F /* en */,
			);
			name = InfoPlist.strings;
			sourceTree = "<group>";
		};
		AEB12ABD17C90F1C00C0B74F /* MainStoryboard.storyboard */ = {
			isa = PBXVariantGroup;
			children = (
				AEB12ABE17C90F1C00C0B74F /* en */,
			);
			name = MainStoryboard.storyboard;
			sourceTree = "<group>";
		};
/* End PBXVariantGroup section */

/* Begin XCBuildConfiguration section */
		AEB12AD817C90F1C00C0B74F /* Debug */ = {
			isa = XCBuildConfiguration;
			buildSettings = {
				ALWAYS_SEARCH_USER_PATHS = NO;
				ARCHS = armv7;
				CLANG_CXX_LANGUAGE_STANDARD = "gnu++0x";
				CLANG_CXX_LIBRARY = "libc++";
				CLANG_ENABLE_OBJC_ARC = YES;
				CLANG_WARN_CONSTANT_CONVERSION = YES;
				CLANG_WARN_EMPTY_BODY = YES;
				CLANG_WARN_ENUM_CONVERSION = YES;
				CLANG_WARN_INT_CONVERSION = YES;
				CLANG_WARN__DUPLICATE_METHOD_MATCH = YES;
				"CODE_SIGN_IDENTITY[sdk=iphoneos*]" = "iPhone Developer";
				COPY_PHASE_STRIP = NO;
				GCC_C_LANGUAGE_STANDARD = gnu99;
				GCC_DYNAMIC_NO_PIC = NO;
				GCC_OPTIMIZATION_LEVEL = 0;
				GCC_PREPROCESSOR_DEFINITIONS = (
					"DEBUG=1",
					"$(inherited)",
				);
				GCC_SYMBOLS_PRIVATE_EXTERN = NO;
				GCC_WARN_ABOUT_RETURN_TYPE = YES;
				GCC_WARN_UNINITIALIZED_AUTOS = YES;
				GCC_WARN_UNUSED_VARIABLE = YES;
				IPHONEOS_DEPLOYMENT_TARGET = 6.1;
				ONLY_ACTIVE_ARCH = NO;
				SDKROOT = iphoneos;
				VALID_ARCHS = armv7;
			};
			name = Debug;
		};
		AEB12AD917C90F1C00C0B74F /* Release */ = {
			isa = XCBuildConfiguration;
			buildSettings = {
				ALWAYS_SEARCH_USER_PATHS = NO;
				ARCHS = armv7;
				CLANG_CXX_LANGUAGE_STANDARD = "gnu++0x";
				CLANG_CXX_LIBRARY = "libc++";
				CLANG_ENABLE_OBJC_ARC = YES;
				CLANG_WARN_CONSTANT_CONVERSION = YES;
				CLANG_WARN_EMPTY_BODY = YES;
				CLANG_WARN_ENUM_CONVERSION = YES;
				CLANG_WARN_INT_CONVERSION = YES;
				CLANG_WARN__DUPLICATE_METHOD_MATCH = YES;
				"CODE_SIGN_IDENTITY[sdk=iphoneos*]" = "iPhone Developer";
				COPY_PHASE_STRIP = YES;
				GCC_C_LANGUAGE_STANDARD = gnu99;
				GCC_WARN_ABOUT_RETURN_TYPE = YES;
				GCC_WARN_UNINITIALIZED_AUTOS = YES;
				GCC_WARN_UNUSED_VARIABLE = YES;
				IPHONEOS_DEPLOYMENT_TARGET = 6.1;
				ONLY_ACTIVE_ARCH = NO;
				OTHER_CFLAGS = "-DNS_BLOCK_ASSERTIONS=1";
				SDKROOT = iphoneos;
				VALIDATE_PRODUCT = YES;
				VALID_ARCHS = armv7;
			};
			name = Release;
		};
		AEB12ADB17C90F1C00C0B74F /* Debug */ = {
			isa = XCBuildConfiguration;
			buildSettings = {
				GCC_PRECOMPILE_PREFIX_HEADER = YES;
				GCC_PREFIX_HEADER = "AvCamTest/AvCamTest-Prefix.pch";
				HEADER_SEARCH_PATHS = ./AvCamTest/AudioConverterKit;
				INFOPLIST_FILE = "AvCamTest/AvCamTest-Info.plist";
				IPHONEOS_DEPLOYMENT_TARGET = 6.1;
				LIBRARY_SEARCH_PATHS = (
					"$(inherited)",
					"\"$(SRCROOT)/AvCamTest/AudioConverterKit/3rd-party/lib\"",
					"\"$(SRCROOT)/AvCamTest/AudioConverterKit\"",
				);
				ONLY_ACTIVE_ARCH = YES;
				PRODUCT_NAME = "$(TARGET_NAME)";
				VALID_ARCHS = armv7;
				WRAPPER_EXTENSION = app;
			};
			name = Debug;
		};
		AEB12ADC17C90F1C00C0B74F /* Release */ = {
			isa = XCBuildConfiguration;
			buildSettings = {
				GCC_PRECOMPILE_PREFIX_HEADER = YES;
				GCC_PREFIX_HEADER = "AvCamTest/AvCamTest-Prefix.pch";
				HEADER_SEARCH_PATHS = ./AvCamTest/AudioConverterKit;
				INFOPLIST_FILE = "AvCamTest/AvCamTest-Info.plist";
				IPHONEOS_DEPLOYMENT_TARGET = 6.1;
				LIBRARY_SEARCH_PATHS = (
					"$(inherited)",
					"\"$(SRCROOT)/AvCamTest/AudioConverterKit/3rd-party/lib\"",
					"\"$(SRCROOT)/AvCamTest/AudioConverterKit\"",
				);
				ONLY_ACTIVE_ARCH = YES;
				PRODUCT_NAME = "$(TARGET_NAME)";
				VALID_ARCHS = armv7;
				WRAPPER_EXTENSION = app;
			};
			name = Release;
		};
/* End XCBuildConfiguration section */

/* Begin XCConfigurationList section */
		AEB12A9D17C90F1C00C0B74F /* Build configuration list for PBXProject "AvCamTest" */ = {
			isa = XCConfigurationList;
			buildConfigurations = (
				AEB12AD817C90F1C00C0B74F /* Debug */,
				AEB12AD917C90F1C00C0B74F /* Release */,
			);
			defaultConfigurationIsVisible = 0;
			defaultConfigurationName = Release;
		};
		AEB12ADA17C90F1C00C0B74F /* Build configuration list for PBXNativeTarget "AvCamTest" */ = {
			isa = XCConfigurationList;
			buildConfigurations = (
				AEB12ADB17C90F1C00C0B74F /* Debug */,
				AEB12ADC17C90F1C00C0B74F /* Release */,
			);
			defaultConfigurationIsVisible = 0;
			defaultConfigurationName = Release;
		};
/* End XCConfigurationList section */
	};
	rootObject = AEB12A9A17C90F1C00C0B74F /* Project object */;
}
